
Microsoft Visual Studio Solution File, Format Version 12.00
Project("{FAE04EC0-301F-11D3-BF4B-00C04F79EFBC}") = "1.MenuTelegramBot", "1.MenuTelegramBot\1.MenuTelegramBot.csproj", "{0AD60B5B-BBBD-4370-9C0C-EA8EC10F8EDD}"
EndProject
Global
	GlobalSection(SolutionConfigurationPlatforms) = preSolution
		Debug|Any CPU = Debug|Any CPU
		Release|Any CPU = Release|Any CPU
	EndGlobalSection
	GlobalSection(ProjectConfigurationPlatforms) = postSolution
		{0AD60B5B-BBBD-4370-9C0C-EA8EC10F8EDD}.Debug|Any CPU.ActiveCfg = Debug|Any CPU
		{0AD60B5B-BBBD-4370-9C0C-EA8EC10F8EDD}.Debug|Any CPU.Build.0 = Debug|Any CPU
		{0AD60B5B-BBBD-4370-9C0C-EA8EC10F8EDD}.Release|Any CPU.ActiveCfg = Release|Any CPU
		{0AD60B5B-BBBD-4370-9C0C-EA8EC10F8EDD}.Release|Any CPU.Build.0 = Release|Any CPU
	EndGlobalSection
EndGlobal
